
Microsoft Visual Studio Solution File, Format Version 12.00
# Visual Studio Version 17
VisualStudioVersion = 17.7.34221.43
MinimumVisualStudioVersion = 10.0.40219.1
Project("{9A19103F-16F7-4668-BE54-9A1E7A4F7556}") = "e-Delivery", "e-Delivery\e-Delivery.csproj", "{3FE6D347-063D-4EA0-BE1F-182E04AD103A}"
EndProject
Project("{9A19103F-16F7-4668-BE54-9A1E7A4F7556}") = "e-Delivery.Model", "e-Delivery.Model\e-Delivery.Model.csproj", "{AB0F3EF0-286C-49D6-AFBA-FB44663385B6}"
EndProject
Project("{9A19103F-16F7-4668-BE54-9A1E7A4F7556}") = "e-Delivery.Services", "e-Delivery.Services\e-Delivery.Services.csproj", "{6D40B974-4B97-46BF-8703-CA8D948FF391}"
EndProject
Project("{FAE04EC0-301F-11D3-BF4B-00C04F79EFBC}") = "e-Delivery.Entities", "e-Delivery.Entities\e-Delivery.Entities.csproj", "{EF11423B-1231-4B73-8EF7-5E434CBD9CC0}"
EndProject
Project("{FAE04EC0-301F-11D3-BF4B-00C04F79EFBC}") = "e-Delivery.Database", "e-Delivery.Database\e-Delivery.Database.csproj", "{D99D4A62-9A10-44C7-AB00-4706489300F3}"
EndProject
Global
	GlobalSection(SolutionConfigurationPlatforms) = preSolution
		Debug|Any CPU = Debug|Any CPU
		Release|Any CPU = Release|Any CPU
	EndGlobalSection
	GlobalSection(ProjectConfigurationPlatforms) = postSolution
		{3FE6D347-063D-4EA0-BE1F-182E04AD103A}.Debug|Any CPU.ActiveCfg = Debug|Any CPU
		{3FE6D347-063D-4EA0-BE1F-182E04AD103A}.Debug|Any CPU.Build.0 = Debug|Any CPU
		{3FE6D347-063D-4EA0-BE1F-182E04AD103A}.Release|Any CPU.ActiveCfg = Release|Any CPU
		{3FE6D347-063D-4EA0-BE1F-182E04AD103A}.Release|Any CPU.Build.0 = Release|Any CPU
		{AB0F3EF0-286C-49D6-AFBA-FB44663385B6}.Debug|Any CPU.ActiveCfg = Debug|Any CPU
		{AB0F3EF0-286C-49D6-AFBA-FB44663385B6}.Debug|Any CPU.Build.0 = Debug|Any CPU
		{AB0F3EF0-286C-49D6-AFBA-FB44663385B6}.Release|Any CPU.ActiveCfg = Release|Any CPU
		{AB0F3EF0-286C-49D6-AFBA-FB44663385B6}.Release|Any CPU.Build.0 = Release|Any CPU
		{6D40B974-4B97-46BF-8703-CA8D948FF391}.Debug|Any CPU.ActiveCfg = Debug|Any CPU
		{6D40B974-4B97-46BF-8703-CA8D948FF391}.Debug|Any CPU.Build.0 = Debug|Any CPU
		{6D40B974-4B97-46BF-8703-CA8D948FF391}.Release|Any CPU.ActiveCfg = Release|Any CPU
		{6D40B974-4B97-46BF-8703-CA8D948FF391}.Release|Any CPU.Build.0 = Release|Any CPU
		{EF11423B-1231-4B73-8EF7-5E434CBD9CC0}.Debug|Any CPU.ActiveCfg = Debug|Any CPU
		{EF11423B-1231-4B73-8EF7-5E434CBD9CC0}.Debug|Any CPU.Build.0 = Debug|Any CPU
		{EF11423B-1231-4B73-8EF7-5E434CBD9CC0}.Release|Any CPU.ActiveCfg = Release|Any CPU
		{EF11423B-1231-4B73-8EF7-5E434CBD9CC0}.Release|Any CPU.Build.0 = Release|Any CPU
		{D99D4A62-9A10-44C7-AB00-4706489300F3}.Debug|Any CPU.ActiveCfg = Debug|Any CPU
		{D99D4A62-9A10-44C7-AB00-4706489300F3}.Debug|Any CPU.Build.0 = Debug|Any CPU
		{D99D4A62-9A10-44C7-AB00-4706489300F3}.Release|Any CPU.ActiveCfg = Release|Any CPU
		{D99D4A62-9A10-44C7-AB00-4706489300F3}.Release|Any CPU.Build.0 = Release|Any CPU
	EndGlobalSection
	GlobalSection(SolutionProperties) = preSolution
		HideSolutionNode = FALSE
	EndGlobalSection
	GlobalSection(ExtensibilityGlobals) = postSolution
		SolutionGuid = {B6A6A071-CE74-493C-BADF-D6C1F0EB64D7}
	EndGlobalSection
EndGlobal
